// !$*UTF8*$!
{
	archiveVersion = 1;
	classes = {
	};
	objectVersion = 55;
	objects = {

/* Begin PBXBuildFile section */
		3A2B6D8F28A3E013004DDFBA /* Coordinator.swift in Sources */ = {isa = PBXBuildFile; fileRef = 3A2B6D8E28A3E013004DDFBA /* Coordinator.swift */; };
		3A2B6D9128A3E0AF004DDFBA /* AppCoordinator.swift in Sources */ = {isa = PBXBuildFile; fileRef = 3A2B6D9028A3E0AF004DDFBA /* AppCoordinator.swift */; };
		3A2B6D9528A3E129004DDFBA /* AppDependency.swift in Sources */ = {isa = PBXBuildFile; fileRef = 3A2B6D9428A3E129004DDFBA /* AppDependency.swift */; };
		3A2B6D9F28A3EDF7004DDFBA /* WalletDetailsCoordinator.swift in Sources */ = {isa = PBXBuildFile; fileRef = 3A2B6D9E28A3EDF7004DDFBA /* WalletDetailsCoordinator.swift */; };
		3A2B6DA328A3EEC1004DDFBA /* WalletDetailsViewController.swift in Sources */ = {isa = PBXBuildFile; fileRef = 3A2B6DA228A3EEC1004DDFBA /* WalletDetailsViewController.swift */; };
		3A2B6DA528A3EEDE004DDFBA /* WalletDetailsViewModel.swift in Sources */ = {isa = PBXBuildFile; fileRef = 3A2B6DA428A3EEDE004DDFBA /* WalletDetailsViewModel.swift */; };
		3A2B6DA828A3F898004DDFBA /* R.generated.swift in Sources */ = {isa = PBXBuildFile; fileRef = 3A2B6DA728A3F898004DDFBA /* R.generated.swift */; };
		68F646E9289D3BAE00DAAE91 /* AppDelegate.swift in Sources */ = {isa = PBXBuildFile; fileRef = 68F646E8289D3BAE00DAAE91 /* AppDelegate.swift */; };
		68F646EB289D3BAE00DAAE91 /* SceneDelegate.swift in Sources */ = {isa = PBXBuildFile; fileRef = 68F646EA289D3BAE00DAAE91 /* SceneDelegate.swift */; };
		68F646F2289D3BB100DAAE91 /* Assets.xcassets in Resources */ = {isa = PBXBuildFile; fileRef = 68F646F1289D3BB100DAAE91 /* Assets.xcassets */; };
		68F646F5289D3BB100DAAE91 /* LaunchScreen.storyboard in Resources */ = {isa = PBXBuildFile; fileRef = 68F646F3289D3BB100DAAE91 /* LaunchScreen.storyboard */; };
		76CDC24728A3EBFE00B01FEE /* OnboardingViewController.swift in Sources */ = {isa = PBXBuildFile; fileRef = 76CDC24628A3EBFE00B01FEE /* OnboardingViewController.swift */; };
		76CDC24928A3ED3700B01FEE /* OnboardingCoordinator.swift in Sources */ = {isa = PBXBuildFile; fileRef = 76CDC24828A3ED3700B01FEE /* OnboardingCoordinator.swift */; };
		76CDC24C28A3ED7900B01FEE /* OnboardingViewModel.swift in Sources */ = {isa = PBXBuildFile; fileRef = 76CDC24B28A3ED7900B01FEE /* OnboardingViewModel.swift */; };
		76CDC24E28A3F1B300B01FEE /* Localizable.strings in Resources */ = {isa = PBXBuildFile; fileRef = 76CDC24D28A3F1B300B01FEE /* Localizable.strings */; };
		76CDC25128A3FB0900B01FEE /* Colors.xcassets in Resources */ = {isa = PBXBuildFile; fileRef = 76CDC25028A3FB0900B01FEE /* Colors.xcassets */; };
		76CDC25328A40C8700B01FEE /* ButtonFactory.swift in Sources */ = {isa = PBXBuildFile; fileRef = 76CDC25228A40C8700B01FEE /* ButtonFactory.swift */; };
		B8D42383EFE3F83AF7DEC916 /* Pods_Wallet.framework in Frameworks */ = {isa = PBXBuildFile; fileRef = 1A84D4897DE1B568819F927D /* Pods_Wallet.framework */; };
/* End PBXBuildFile section */

/* Begin PBXFileReference section */
		1A84D4897DE1B568819F927D /* Pods_Wallet.framework */ = {isa = PBXFileReference; explicitFileType = wrapper.framework; includeInIndex = 0; path = Pods_Wallet.framework; sourceTree = BUILT_PRODUCTS_DIR; };
		3A2B6D8E28A3E013004DDFBA /* Coordinator.swift */ = {isa = PBXFileReference; lastKnownFileType = sourcecode.swift; path = Coordinator.swift; sourceTree = "<group>"; };
		3A2B6D9028A3E0AF004DDFBA /* AppCoordinator.swift */ = {isa = PBXFileReference; lastKnownFileType = sourcecode.swift; path = AppCoordinator.swift; sourceTree = "<group>"; };
		3A2B6D9428A3E129004DDFBA /* AppDependency.swift */ = {isa = PBXFileReference; lastKnownFileType = sourcecode.swift; path = AppDependency.swift; sourceTree = "<group>"; };
		3A2B6D9E28A3EDF7004DDFBA /* WalletDetailsCoordinator.swift */ = {isa = PBXFileReference; lastKnownFileType = sourcecode.swift; path = WalletDetailsCoordinator.swift; sourceTree = "<group>"; };
		3A2B6DA228A3EEC1004DDFBA /* WalletDetailsViewController.swift */ = {isa = PBXFileReference; lastKnownFileType = sourcecode.swift; path = WalletDetailsViewController.swift; sourceTree = "<group>"; };
		3A2B6DA428A3EEDE004DDFBA /* WalletDetailsViewModel.swift */ = {isa = PBXFileReference; lastKnownFileType = sourcecode.swift; path = WalletDetailsViewModel.swift; sourceTree = "<group>"; };
		3A2B6DA728A3F898004DDFBA /* R.generated.swift */ = {isa = PBXFileReference; fileEncoding = 4; lastKnownFileType = sourcecode.swift; path = R.generated.swift; sourceTree = SOURCE_ROOT; };
		68F646E5289D3BAE00DAAE91 /* Wallet.app */ = {isa = PBXFileReference; explicitFileType = wrapper.application; includeInIndex = 0; path = Wallet.app; sourceTree = BUILT_PRODUCTS_DIR; };
		68F646E8289D3BAE00DAAE91 /* AppDelegate.swift */ = {isa = PBXFileReference; lastKnownFileType = sourcecode.swift; path = AppDelegate.swift; sourceTree = "<group>"; };
		68F646EA289D3BAE00DAAE91 /* SceneDelegate.swift */ = {isa = PBXFileReference; lastKnownFileType = sourcecode.swift; path = SceneDelegate.swift; sourceTree = "<group>"; };
		68F646F1289D3BB100DAAE91 /* Assets.xcassets */ = {isa = PBXFileReference; lastKnownFileType = folder.assetcatalog; path = Assets.xcassets; sourceTree = "<group>"; };
		68F646F4289D3BB100DAAE91 /* Base */ = {isa = PBXFileReference; lastKnownFileType = file.storyboard; name = Base; path = Base.lproj/LaunchScreen.storyboard; sourceTree = "<group>"; };
		68F646F6289D3BB100DAAE91 /* Info.plist */ = {isa = PBXFileReference; lastKnownFileType = text.plist.xml; path = Info.plist; sourceTree = "<group>"; };
		74EC7FF8D74674E8D9DB0B71 /* Pods-Wallet.release.xcconfig */ = {isa = PBXFileReference; includeInIndex = 1; lastKnownFileType = text.xcconfig; name = "Pods-Wallet.release.xcconfig"; path = "Target Support Files/Pods-Wallet/Pods-Wallet.release.xcconfig"; sourceTree = "<group>"; };
		76CDC24628A3EBFE00B01FEE /* OnboardingViewController.swift */ = {isa = PBXFileReference; lastKnownFileType = sourcecode.swift; path = OnboardingViewController.swift; sourceTree = "<group>"; };
		76CDC24828A3ED3700B01FEE /* OnboardingCoordinator.swift */ = {isa = PBXFileReference; lastKnownFileType = sourcecode.swift; path = OnboardingCoordinator.swift; sourceTree = "<group>"; };
		76CDC24B28A3ED7900B01FEE /* OnboardingViewModel.swift */ = {isa = PBXFileReference; lastKnownFileType = sourcecode.swift; path = OnboardingViewModel.swift; sourceTree = "<group>"; };
		76CDC24D28A3F1B300B01FEE /* Localizable.strings */ = {isa = PBXFileReference; lastKnownFileType = text.plist.strings; path = Localizable.strings; sourceTree = "<group>"; };
		76CDC25028A3FB0900B01FEE /* Colors.xcassets */ = {isa = PBXFileReference; lastKnownFileType = folder.assetcatalog; path = Colors.xcassets; sourceTree = "<group>"; };
		76CDC25228A40C8700B01FEE /* ButtonFactory.swift */ = {isa = PBXFileReference; lastKnownFileType = sourcecode.swift; path = ButtonFactory.swift; sourceTree = "<group>"; };
		F5B7635821AADD5375E7C352 /* Pods-Wallet.debug.xcconfig */ = {isa = PBXFileReference; includeInIndex = 1; lastKnownFileType = text.xcconfig; name = "Pods-Wallet.debug.xcconfig"; path = "Target Support Files/Pods-Wallet/Pods-Wallet.debug.xcconfig"; sourceTree = "<group>"; };
/* End PBXFileReference section */

/* Begin PBXFrameworksBuildPhase section */
		68F646E2289D3BAE00DAAE91 /* Frameworks */ = {
			isa = PBXFrameworksBuildPhase;
			buildActionMask = 2147483647;
			files = (
				B8D42383EFE3F83AF7DEC916 /* Pods_Wallet.framework in Frameworks */,
			);
			runOnlyForDeploymentPostprocessing = 0;
		};
/* End PBXFrameworksBuildPhase section */

/* Begin PBXGroup section */
		0072576D6D0AF4ADFFE4AEAE /* Pods */ = {
			isa = PBXGroup;
			children = (
				F5B7635821AADD5375E7C352 /* Pods-Wallet.debug.xcconfig */,
				74EC7FF8D74674E8D9DB0B71 /* Pods-Wallet.release.xcconfig */,
			);
			path = Pods;
			sourceTree = "<group>";
		};
		22391E3E03B543EF7CFB940D /* Frameworks */ = {
			isa = PBXGroup;
			children = (
				1A84D4897DE1B568819F927D /* Pods_Wallet.framework */,
			);
			name = Frameworks;
			sourceTree = "<group>";
		};
		3A2B6D8628A3DF8B004DDFBA /* Sources */ = {
			isa = PBXGroup;
			children = (
				76CDC24F28A3F8E400B01FEE /* ViewComponents */,
				3A2B6D8728A3DF96004DDFBA /* Extensions */,
				3A2B6D9828A3E47F004DDFBA /* Model */,
				3A2B6D8D28A3E007004DDFBA /* Common */,
				3A2B6D8928A3DFAE004DDFBA /* Scenes */,
				3A2B6D8C28A3DFEA004DDFBA /* Services */,
				3A2B6D8828A3DF9D004DDFBA /* Utils */,
			);
			path = Sources;
			sourceTree = "<group>";
		};
		3A2B6D8728A3DF96004DDFBA /* Extensions */ = {
			isa = PBXGroup;
			children = (
			);
			path = Extensions;
			sourceTree = "<group>";
		};
		3A2B6D8828A3DF9D004DDFBA /* Utils */ = {
			isa = PBXGroup;
			children = (
				76CDC25228A40C8700B01FEE /* ButtonFactory.swift */,
			);
			path = Utils;
			sourceTree = "<group>";
		};
		3A2B6D8928A3DFAE004DDFBA /* Scenes */ = {
			isa = PBXGroup;
			children = (
				3A2B6D9028A3E0AF004DDFBA /* AppCoordinator.swift */,
				76CDC24428A3EBE400B01FEE /* Onboarding */,
				3A2B6D9D28A3ED9F004DDFBA /* WalletDetails */,
			);
			path = Scenes;
			sourceTree = "<group>";
		};
		3A2B6D8C28A3DFEA004DDFBA /* Services */ = {
			isa = PBXGroup;
			children = (
			);
			path = Services;
			sourceTree = "<group>";
		};
		3A2B6D8D28A3E007004DDFBA /* Common */ = {
			isa = PBXGroup;
			children = (
				3A2B6D8E28A3E013004DDFBA /* Coordinator.swift */,
				3A2B6D9428A3E129004DDFBA /* AppDependency.swift */,
			);
			path = Common;
			sourceTree = "<group>";
		};
		3A2B6D9828A3E47F004DDFBA /* Model */ = {
			isa = PBXGroup;
			children = (
			);
			path = Model;
			sourceTree = "<group>";
		};
		3A2B6D9D28A3ED9F004DDFBA /* WalletDetails */ = {
			isa = PBXGroup;
			children = (
				3A2B6DA128A3EEA3004DDFBA /* View */,
				3A2B6DA028A3EE9C004DDFBA /* ViewModel */,
				3A2B6D9E28A3EDF7004DDFBA /* WalletDetailsCoordinator.swift */,
			);
			path = WalletDetails;
			sourceTree = "<group>";
		};
		3A2B6DA028A3EE9C004DDFBA /* ViewModel */ = {
			isa = PBXGroup;
			children = (
				3A2B6DA428A3EEDE004DDFBA /* WalletDetailsViewModel.swift */,
			);
			path = ViewModel;
			sourceTree = "<group>";
		};
		3A2B6DA128A3EEA3004DDFBA /* View */ = {
			isa = PBXGroup;
			children = (
				3A2B6DA228A3EEC1004DDFBA /* WalletDetailsViewController.swift */,
			);
			path = View;
			sourceTree = "<group>";
		};
		68F646DC289D3BAE00DAAE91 = {
			isa = PBXGroup;
			children = (
				68F646E7289D3BAE00DAAE91 /* Wallet */,
				68F646E6289D3BAE00DAAE91 /* Products */,
				0072576D6D0AF4ADFFE4AEAE /* Pods */,
				22391E3E03B543EF7CFB940D /* Frameworks */,
			);
			sourceTree = "<group>";
		};
		68F646E6289D3BAE00DAAE91 /* Products */ = {
			isa = PBXGroup;
			children = (
				68F646E5289D3BAE00DAAE91 /* Wallet.app */,
			);
			name = Products;
			sourceTree = "<group>";
		};
		68F646E7289D3BAE00DAAE91 /* Wallet */ = {
			isa = PBXGroup;
			children = (
				3A2B6D8628A3DF8B004DDFBA /* Sources */,
				68F646E8289D3BAE00DAAE91 /* AppDelegate.swift */,
				68F646EA289D3BAE00DAAE91 /* SceneDelegate.swift */,
				68F6A283289D3D9F00DAAE91 /* SupportingFiles */,
			);
			path = Wallet;
			sourceTree = "<group>";
		};
		68F6A283289D3D9F00DAAE91 /* SupportingFiles */ = {
			isa = PBXGroup;
			children = (
				76CDC25028A3FB0900B01FEE /* Colors.xcassets */,
				3A2B6DA728A3F898004DDFBA /* R.generated.swift */,
				68F646F1289D3BB100DAAE91 /* Assets.xcassets */,
				68F646F3289D3BB100DAAE91 /* LaunchScreen.storyboard */,
				68F646F6289D3BB100DAAE91 /* Info.plist */,
				76CDC24D28A3F1B300B01FEE /* Localizable.strings */,
			);
			path = SupportingFiles;
			sourceTree = "<group>";
		};
		76CDC24428A3EBE400B01FEE /* Onboarding */ = {
			isa = PBXGroup;
			children = (
				76CDC24A28A3ED6E00B01FEE /* ViewModel */,
				76CDC24528A3EBEF00B01FEE /* View */,
				76CDC24828A3ED3700B01FEE /* OnboardingCoordinator.swift */,
			);
			path = Onboarding;
			sourceTree = "<group>";
		};
		76CDC24528A3EBEF00B01FEE /* View */ = {
			isa = PBXGroup;
			children = (
				76CDC24628A3EBFE00B01FEE /* OnboardingViewController.swift */,
			);
			path = View;
			sourceTree = "<group>";
		};
		76CDC24A28A3ED6E00B01FEE /* ViewModel */ = {
			isa = PBXGroup;
			children = (
				76CDC24B28A3ED7900B01FEE /* OnboardingViewModel.swift */,
			);
			path = ViewModel;
			sourceTree = "<group>";
		};
		76CDC24F28A3F8E400B01FEE /* ViewComponents */ = {
			isa = PBXGroup;
			children = (
			);
			path = ViewComponents;
			sourceTree = "<group>";
		};
/* End PBXGroup section */

/* Begin PBXNativeTarget section */
		68F646E4289D3BAE00DAAE91 /* Wallet */ = {
			isa = PBXNativeTarget;
			buildConfigurationList = 68F646F9289D3BB100DAAE91 /* Build configuration list for PBXNativeTarget "Wallet" */;
			buildPhases = (
				AD11F2AD1B069ED1A22D6249 /* [CP] Check Pods Manifest.lock */,
				3A2B6DA628A3F7EA004DDFBA /* R.Swift */,
				68F646E1289D3BAE00DAAE91 /* Sources */,
				68F646E2289D3BAE00DAAE91 /* Frameworks */,
				68F646E3289D3BAE00DAAE91 /* Resources */,
				68A01833289D557C00E32C01 /* SwiftLint */,
				798E9D5B4CCC6E92C0C54C55 /* [CP] Embed Pods Frameworks */,
			);
			buildRules = (
			);
			dependencies = (
			);
			name = Wallet;
			productName = Wallet;
			productReference = 68F646E5289D3BAE00DAAE91 /* Wallet.app */;
			productType = "com.apple.product-type.application";
		};
/* End PBXNativeTarget section */

/* Begin PBXProject section */
		68F646DD289D3BAE00DAAE91 /* Project object */ = {
			isa = PBXProject;
			attributes = {
				BuildIndependentTargetsInParallel = 1;
				LastSwiftUpdateCheck = 1340;
				LastUpgradeCheck = 1340;
				TargetAttributes = {
					68F646E4289D3BAE00DAAE91 = {
						CreatedOnToolsVersion = 13.4.1;
					};
				};
			};
			buildConfigurationList = 68F646E0289D3BAE00DAAE91 /* Build configuration list for PBXProject "Wallet" */;
			compatibilityVersion = "Xcode 13.0";
			developmentRegion = en;
			hasScannedForEncodings = 0;
			knownRegions = (
				en,
				Base,
			);
			mainGroup = 68F646DC289D3BAE00DAAE91;
			productRefGroup = 68F646E6289D3BAE00DAAE91 /* Products */;
			projectDirPath = "";
			projectRoot = "";
			targets = (
				68F646E4289D3BAE00DAAE91 /* Wallet */,
			);
		};
/* End PBXProject section */

/* Begin PBXResourcesBuildPhase section */
		68F646E3289D3BAE00DAAE91 /* Resources */ = {
			isa = PBXResourcesBuildPhase;
			buildActionMask = 2147483647;
			files = (
				68F646F5289D3BB100DAAE91 /* LaunchScreen.storyboard in Resources */,
				76CDC25128A3FB0900B01FEE /* Colors.xcassets in Resources */,
				76CDC24E28A3F1B300B01FEE /* Localizable.strings in Resources */,
				68F646F2289D3BB100DAAE91 /* Assets.xcassets in Resources */,
			);
			runOnlyForDeploymentPostprocessing = 0;
		};
/* End PBXResourcesBuildPhase section */

/* Begin PBXShellScriptBuildPhase section */
		3A2B6DA628A3F7EA004DDFBA /* R.Swift */ = {
			isa = PBXShellScriptBuildPhase;
			buildActionMask = 2147483647;
			files = (
			);
			inputFileListPaths = (
			);
			inputPaths = (
			);
			name = R.Swift;
			outputFileListPaths = (
			);
			outputPaths = (
				$SRCROOT/R.generated.swift,
			);
			runOnlyForDeploymentPostprocessing = 0;
			shellPath = /bin/sh;
			shellScript = "\"$PODS_ROOT/R.swift/rswift\" generate \"$SRCROOT/R.generated.swift\"\n";
		};
		68A01833289D557C00E32C01 /* SwiftLint */ = {
			isa = PBXShellScriptBuildPhase;
			alwaysOutOfDate = 1;
			buildActionMask = 2147483647;
			files = (
			);
			inputFileListPaths = (
			);
			inputPaths = (
			);
			name = SwiftLint;
			outputFileListPaths = (
			);
			outputPaths = (
			);
			runOnlyForDeploymentPostprocessing = 0;
			shellPath = /bin/sh;
			shellScript = "if which \"${PODS_ROOT}/SwiftLint/swiftlint\" > /dev/null; then\n  \"${PODS_ROOT}/SwiftLint/swiftlint\"\nelse\n  echo \"warning: SwiftLint not installed, download from https://github.com/realm/SwiftLint\"\nfi\n";
		};
		798E9D5B4CCC6E92C0C54C55 /* [CP] Embed Pods Frameworks */ = {
			isa = PBXShellScriptBuildPhase;
			buildActionMask = 2147483647;
			files = (
			);
			inputFileListPaths = (
				"${PODS_ROOT}/Target Support Files/Pods-Wallet/Pods-Wallet-frameworks-${CONFIGURATION}-input-files.xcfilelist",
			);
			name = "[CP] Embed Pods Frameworks";
			outputFileListPaths = (
				"${PODS_ROOT}/Target Support Files/Pods-Wallet/Pods-Wallet-frameworks-${CONFIGURATION}-output-files.xcfilelist",
			);
			runOnlyForDeploymentPostprocessing = 0;
			shellPath = /bin/sh;
			shellScript = "\"${PODS_ROOT}/Target Support Files/Pods-Wallet/Pods-Wallet-frameworks.sh\"\n";
			showEnvVarsInLog = 0;
		};
		AD11F2AD1B069ED1A22D6249 /* [CP] Check Pods Manifest.lock */ = {
			isa = PBXShellScriptBuildPhase;
			buildActionMask = 2147483647;
			files = (
			);
			inputFileListPaths = (
			);
			inputPaths = (
				"${PODS_PODFILE_DIR_PATH}/Podfile.lock",
				"${PODS_ROOT}/Manifest.lock",
			);
			name = "[CP] Check Pods Manifest.lock";
			outputFileListPaths = (
			);
			outputPaths = (
				"$(DERIVED_FILE_DIR)/Pods-Wallet-checkManifestLockResult.txt",
			);
			runOnlyForDeploymentPostprocessing = 0;
			shellPath = /bin/sh;
			shellScript = "diff \"${PODS_PODFILE_DIR_PATH}/Podfile.lock\" \"${PODS_ROOT}/Manifest.lock\" > /dev/null\nif [ $? != 0 ] ; then\n    # print error to STDERR\n    echo \"error: The sandbox is not in sync with the Podfile.lock. Run 'pod install' or update your CocoaPods installation.\" >&2\n    exit 1\nfi\n# This output is used by Xcode 'outputs' to avoid re-running this script phase.\necho \"SUCCESS\" > \"${SCRIPT_OUTPUT_FILE_0}\"\n";
			showEnvVarsInLog = 0;
		};
/* End PBXShellScriptBuildPhase section */

/* Begin PBXSourcesBuildPhase section */
		68F646E1289D3BAE00DAAE91 /* Sources */ = {
			isa = PBXSourcesBuildPhase;
			buildActionMask = 2147483647;
			files = (
				3A2B6DA328A3EEC1004DDFBA /* WalletDetailsViewController.swift in Sources */,
				3A2B6DA528A3EEDE004DDFBA /* WalletDetailsViewModel.swift in Sources */,
				3A2B6DA828A3F898004DDFBA /* R.generated.swift in Sources */,
				68F646E9289D3BAE00DAAE91 /* AppDelegate.swift in Sources */,
				3A2B6D9528A3E129004DDFBA /* AppDependency.swift in Sources */,
				3A2B6D9128A3E0AF004DDFBA /* AppCoordinator.swift in Sources */,
				3A2B6D9F28A3EDF7004DDFBA /* WalletDetailsCoordinator.swift in Sources */,
				76CDC24728A3EBFE00B01FEE /* OnboardingViewController.swift in Sources */,
				76CDC25328A40C8700B01FEE /* ButtonFactory.swift in Sources */,
				76CDC24928A3ED3700B01FEE /* OnboardingCoordinator.swift in Sources */,
				76CDC24C28A3ED7900B01FEE /* OnboardingViewModel.swift in Sources */,
				3A2B6D9128A3E0AF004DDFBA /* AppCoordinator.swift in Sources */,
				68F646EB289D3BAE00DAAE91 /* SceneDelegate.swift in Sources */,
				3A2B6D8F28A3E013004DDFBA /* Coordinator.swift in Sources */,
			);
			runOnlyForDeploymentPostprocessing = 0;
		};
/* End PBXSourcesBuildPhase section */

/* Begin PBXVariantGroup section */
		68F646F3289D3BB100DAAE91 /* LaunchScreen.storyboard */ = {
			isa = PBXVariantGroup;
			children = (
				68F646F4289D3BB100DAAE91 /* Base */,
			);
			name = LaunchScreen.storyboard;
			sourceTree = "<group>";
		};
/* End PBXVariantGroup section */

/* Begin XCBuildConfiguration section */
		68F646F7289D3BB100DAAE91 /* Debug */ = {
			isa = XCBuildConfiguration;
			buildSettings = {
				ALWAYS_SEARCH_USER_PATHS = NO;
				CLANG_ANALYZER_NONNULL = YES;
				CLANG_ANALYZER_NUMBER_OBJECT_CONVERSION = YES_AGGRESSIVE;
				CLANG_CXX_LANGUAGE_STANDARD = "gnu++17";
				CLANG_ENABLE_MODULES = YES;
				CLANG_ENABLE_OBJC_ARC = YES;
				CLANG_ENABLE_OBJC_WEAK = YES;
				CLANG_WARN_BLOCK_CAPTURE_AUTORELEASING = YES;
				CLANG_WARN_BOOL_CONVERSION = YES;
				CLANG_WARN_COMMA = YES;
				CLANG_WARN_CONSTANT_CONVERSION = YES;
				CLANG_WARN_DEPRECATED_OBJC_IMPLEMENTATIONS = YES;
				CLANG_WARN_DIRECT_OBJC_ISA_USAGE = YES_ERROR;
				CLANG_WARN_DOCUMENTATION_COMMENTS = YES;
				CLANG_WARN_EMPTY_BODY = YES;
				CLANG_WARN_ENUM_CONVERSION = YES;
				CLANG_WARN_INFINITE_RECURSION = YES;
				CLANG_WARN_INT_CONVERSION = YES;
				CLANG_WARN_NON_LITERAL_NULL_CONVERSION = YES;
				CLANG_WARN_OBJC_IMPLICIT_RETAIN_SELF = YES;
				CLANG_WARN_OBJC_LITERAL_CONVERSION = YES;
				CLANG_WARN_OBJC_ROOT_CLASS = YES_ERROR;
				CLANG_WARN_QUOTED_INCLUDE_IN_FRAMEWORK_HEADER = YES;
				CLANG_WARN_RANGE_LOOP_ANALYSIS = YES;
				CLANG_WARN_STRICT_PROTOTYPES = YES;
				CLANG_WARN_SUSPICIOUS_MOVE = YES;
				CLANG_WARN_UNGUARDED_AVAILABILITY = YES_AGGRESSIVE;
				CLANG_WARN_UNREACHABLE_CODE = YES;
				CLANG_WARN__DUPLICATE_METHOD_MATCH = YES;
				COPY_PHASE_STRIP = NO;
				DEBUG_INFORMATION_FORMAT = dwarf;
				ENABLE_STRICT_OBJC_MSGSEND = YES;
				ENABLE_TESTABILITY = YES;
				GCC_C_LANGUAGE_STANDARD = gnu11;
				GCC_DYNAMIC_NO_PIC = NO;
				GCC_NO_COMMON_BLOCKS = YES;
				GCC_OPTIMIZATION_LEVEL = 0;
				GCC_PREPROCESSOR_DEFINITIONS = (
					"DEBUG=1",
					"$(inherited)",
				);
				GCC_WARN_64_TO_32_BIT_CONVERSION = YES;
				GCC_WARN_ABOUT_RETURN_TYPE = YES_ERROR;
				GCC_WARN_UNDECLARED_SELECTOR = YES;
				GCC_WARN_UNINITIALIZED_AUTOS = YES_AGGRESSIVE;
				GCC_WARN_UNUSED_FUNCTION = YES;
				GCC_WARN_UNUSED_VARIABLE = YES;
				IPHONEOS_DEPLOYMENT_TARGET = 13.0;
				MTL_ENABLE_DEBUG_INFO = INCLUDE_SOURCE;
				MTL_FAST_MATH = YES;
				ONLY_ACTIVE_ARCH = YES;
				SDKROOT = iphoneos;
				SWIFT_ACTIVE_COMPILATION_CONDITIONS = DEBUG;
				SWIFT_OPTIMIZATION_LEVEL = "-Onone";
			};
			name = Debug;
		};
		68F646F8289D3BB100DAAE91 /* Release */ = {
			isa = XCBuildConfiguration;
			buildSettings = {
				ALWAYS_SEARCH_USER_PATHS = NO;
				CLANG_ANALYZER_NONNULL = YES;
				CLANG_ANALYZER_NUMBER_OBJECT_CONVERSION = YES_AGGRESSIVE;
				CLANG_CXX_LANGUAGE_STANDARD = "gnu++17";
				CLANG_ENABLE_MODULES = YES;
				CLANG_ENABLE_OBJC_ARC = YES;
				CLANG_ENABLE_OBJC_WEAK = YES;
				CLANG_WARN_BLOCK_CAPTURE_AUTORELEASING = YES;
				CLANG_WARN_BOOL_CONVERSION = YES;
				CLANG_WARN_COMMA = YES;
				CLANG_WARN_CONSTANT_CONVERSION = YES;
				CLANG_WARN_DEPRECATED_OBJC_IMPLEMENTATIONS = YES;
				CLANG_WARN_DIRECT_OBJC_ISA_USAGE = YES_ERROR;
				CLANG_WARN_DOCUMENTATION_COMMENTS = YES;
				CLANG_WARN_EMPTY_BODY = YES;
				CLANG_WARN_ENUM_CONVERSION = YES;
				CLANG_WARN_INFINITE_RECURSION = YES;
				CLANG_WARN_INT_CONVERSION = YES;
				CLANG_WARN_NON_LITERAL_NULL_CONVERSION = YES;
				CLANG_WARN_OBJC_IMPLICIT_RETAIN_SELF = YES;
				CLANG_WARN_OBJC_LITERAL_CONVERSION = YES;
				CLANG_WARN_OBJC_ROOT_CLASS = YES_ERROR;
				CLANG_WARN_QUOTED_INCLUDE_IN_FRAMEWORK_HEADER = YES;
				CLANG_WARN_RANGE_LOOP_ANALYSIS = YES;
				CLANG_WARN_STRICT_PROTOTYPES = YES;
				CLANG_WARN_SUSPICIOUS_MOVE = YES;
				CLANG_WARN_UNGUARDED_AVAILABILITY = YES_AGGRESSIVE;
				CLANG_WARN_UNREACHABLE_CODE = YES;
				CLANG_WARN__DUPLICATE_METHOD_MATCH = YES;
				COPY_PHASE_STRIP = NO;
				DEBUG_INFORMATION_FORMAT = "dwarf-with-dsym";
				ENABLE_NS_ASSERTIONS = NO;
				ENABLE_STRICT_OBJC_MSGSEND = YES;
				GCC_C_LANGUAGE_STANDARD = gnu11;
				GCC_NO_COMMON_BLOCKS = YES;
				GCC_WARN_64_TO_32_BIT_CONVERSION = YES;
				GCC_WARN_ABOUT_RETURN_TYPE = YES_ERROR;
				GCC_WARN_UNDECLARED_SELECTOR = YES;
				GCC_WARN_UNINITIALIZED_AUTOS = YES_AGGRESSIVE;
				GCC_WARN_UNUSED_FUNCTION = YES;
				GCC_WARN_UNUSED_VARIABLE = YES;
				IPHONEOS_DEPLOYMENT_TARGET = 13.0;
				MTL_ENABLE_DEBUG_INFO = NO;
				MTL_FAST_MATH = YES;
				SDKROOT = iphoneos;
				SWIFT_COMPILATION_MODE = wholemodule;
				SWIFT_OPTIMIZATION_LEVEL = "-O";
				VALIDATE_PRODUCT = YES;
			};
			name = Release;
		};
		68F646FA289D3BB100DAAE91 /* Debug */ = {
			isa = XCBuildConfiguration;
			baseConfigurationReference = F5B7635821AADD5375E7C352 /* Pods-Wallet.debug.xcconfig */;
			buildSettings = {
				ASSETCATALOG_COMPILER_APPICON_NAME = AppIcon;
				ASSETCATALOG_COMPILER_GLOBAL_ACCENT_COLOR_NAME = AccentColor;
				CODE_SIGN_STYLE = Automatic;
				CURRENT_PROJECT_VERSION = 1;
				GENERATE_INFOPLIST_FILE = YES;
				INFOPLIST_FILE = Wallet/SupportingFiles/Info.plist;
				INFOPLIST_KEY_UIApplicationSupportsIndirectInputEvents = YES;
				INFOPLIST_KEY_UILaunchStoryboardName = LaunchScreen;
				INFOPLIST_KEY_UISupportedInterfaceOrientations = UIInterfaceOrientationPortrait;
				INFOPLIST_KEY_UISupportedInterfaceOrientations_iPad = "UIInterfaceOrientationPortrait UIInterfaceOrientationPortraitUpsideDown UIInterfaceOrientationLandscapeLeft UIInterfaceOrientationLandscapeRight";
				INFOPLIST_KEY_UISupportedInterfaceOrientations_iPhone = "UIInterfaceOrientationPortrait UIInterfaceOrientationLandscapeLeft UIInterfaceOrientationLandscapeRight";
				IPHONEOS_DEPLOYMENT_TARGET = 13.0;
				LD_RUNPATH_SEARCH_PATHS = (
					"$(inherited)",
					"@executable_path/Frameworks",
				);
				MARKETING_VERSION = 1.0;
				PRODUCT_BUNDLE_IDENTIFIER = ru.tinkoff.Wallet;
				PRODUCT_NAME = "$(TARGET_NAME)";
				SWIFT_EMIT_LOC_STRINGS = YES;
				SWIFT_VERSION = 5.0;
				TARGETED_DEVICE_FAMILY = 1;
			};
			name = Debug;
		};
		68F646FB289D3BB100DAAE91 /* Release */ = {
			isa = XCBuildConfiguration;
			baseConfigurationReference = 74EC7FF8D74674E8D9DB0B71 /* Pods-Wallet.release.xcconfig */;
			buildSettings = {
				ASSETCATALOG_COMPILER_APPICON_NAME = AppIcon;
				ASSETCATALOG_COMPILER_GLOBAL_ACCENT_COLOR_NAME = AccentColor;
				CODE_SIGN_STYLE = Automatic;
				CURRENT_PROJECT_VERSION = 1;
				GENERATE_INFOPLIST_FILE = YES;
				INFOPLIST_FILE = Wallet/SupportingFiles/Info.plist;
				INFOPLIST_KEY_UIApplicationSupportsIndirectInputEvents = YES;
				INFOPLIST_KEY_UILaunchStoryboardName = LaunchScreen;
				INFOPLIST_KEY_UISupportedInterfaceOrientations = UIInterfaceOrientationPortrait;
				INFOPLIST_KEY_UISupportedInterfaceOrientations_iPad = "UIInterfaceOrientationPortrait UIInterfaceOrientationPortraitUpsideDown UIInterfaceOrientationLandscapeLeft UIInterfaceOrientationLandscapeRight";
				INFOPLIST_KEY_UISupportedInterfaceOrientations_iPhone = "UIInterfaceOrientationPortrait UIInterfaceOrientationLandscapeLeft UIInterfaceOrientationLandscapeRight";
				IPHONEOS_DEPLOYMENT_TARGET = 13.0;
				LD_RUNPATH_SEARCH_PATHS = (
					"$(inherited)",
					"@executable_path/Frameworks",
				);
				MARKETING_VERSION = 1.0;
				PRODUCT_BUNDLE_IDENTIFIER = ru.tinkoff.Wallet;
				PRODUCT_NAME = "$(TARGET_NAME)";
				SWIFT_EMIT_LOC_STRINGS = YES;
				SWIFT_VERSION = 5.0;
				TARGETED_DEVICE_FAMILY = 1;
			};
			name = Release;
		};
/* End XCBuildConfiguration section */

/* Begin XCConfigurationList section */
		68F646E0289D3BAE00DAAE91 /* Build configuration list for PBXProject "Wallet" */ = {
			isa = XCConfigurationList;
			buildConfigurations = (
				68F646F7289D3BB100DAAE91 /* Debug */,
				68F646F8289D3BB100DAAE91 /* Release */,
			);
			defaultConfigurationIsVisible = 0;
			defaultConfigurationName = Release;
		};
		68F646F9289D3BB100DAAE91 /* Build configuration list for PBXNativeTarget "Wallet" */ = {
			isa = XCConfigurationList;
			buildConfigurations = (
				68F646FA289D3BB100DAAE91 /* Debug */,
				68F646FB289D3BB100DAAE91 /* Release */,
			);
			defaultConfigurationIsVisible = 0;
			defaultConfigurationName = Release;
		};
/* End XCConfigurationList section */
	};
	rootObject = 68F646DD289D3BAE00DAAE91 /* Project object */;
}
