PODS:
  - AppAuth (1.4.0):
    - AppAuth/Core (= 1.4.0)
    - AppAuth/ExternalUserAgent (= 1.4.0)
  - AppAuth/Core (1.4.0)
  - AppAuth/ExternalUserAgent (1.4.0)
  - GoogleSignIn (6.1.0):
    - AppAuth (~> 1.4)
    - GTMAppAuth (~> 1.0)
    - GTMSessionFetcher/Core (~> 1.1)
  - GTMAppAuth (1.2.2):
    - AppAuth/Core (~> 1.4)
    - GTMSessionFetcher/Core (~> 1.5)
  - GTMSessionFetcher/Core (1.7.0)
  - R.swift (6.1.0):
    - R.swift.Library (~> 5.3.0)
  - R.swift.Library (5.3.0)
  - SnapKit (5.6.0)
  - SwiftKeychainWrapper (4.0.1)
  - SwiftLint (0.48.0)

DEPENDENCIES:
  - GoogleSignIn
  - R.swift
  - SnapKit
  - SwiftKeychainWrapper
  - SwiftLint (= 0.48.0)

SPEC REPOS:
  trunk:
    - AppAuth
    - GoogleSignIn
    - GTMAppAuth
    - GTMSessionFetcher
    - R.swift
    - R.swift.Library
    - SnapKit
    - SwiftKeychainWrapper
    - SwiftLint

SPEC CHECKSUMS:
  AppAuth: 31bcec809a638d7bd2f86ea8a52bd45f6e81e7c7
  GoogleSignIn: c90b5bec45e780f54c6a8e1e3c182a86e3dda69d
  GTMAppAuth: ad5c2b70b9a8689e1a04033c9369c4915bfcbe89
  GTMSessionFetcher: 43748f93435c2aa068b1cbe39655aaf600652e91
  R.swift: ec98ff71c4ab2f6fd01dd077e5afd15e63a4834c
  R.swift.Library: 0fc583cb55a99e28901299cc451614cad1161962
  SnapKit: e01d52ebb8ddbc333eefe2132acf85c8227d9c25
  SwiftKeychainWrapper: 807ba1d63c33a7d0613288512399cd1eda1e470c
  SwiftLint: 284cea64b6187c5d6bd83e9a548a64104d546447

PODFILE CHECKSUM: 2b44f482663b004d0408012b7570232b3586a820

COCOAPODS: 1.10.1
